// !$*UTF8*$!
{
	archiveVersion = 1;
	classes = {
	};
	objectVersion = 50;
	objects = {

/* Begin PBXBuildFile section */
		0D639F5D2477C6690003C011 /* AppDelegate.swift in Sources */ = {isa = PBXBuildFile; fileRef = 0D639F5C2477C6690003C011 /* AppDelegate.swift */; };
		0D639F5F2477C6690003C011 /* SceneDelegate.swift in Sources */ = {isa = PBXBuildFile; fileRef = 0D639F5E2477C6690003C011 /* SceneDelegate.swift */; };
		0D639F642477C6690003C011 /* Main.storyboard in Resources */ = {isa = PBXBuildFile; fileRef = 0D639F622477C6690003C011 /* Main.storyboard */; };
		0D639F662477C66A0003C011 /* Assets.xcassets in Resources */ = {isa = PBXBuildFile; fileRef = 0D639F652477C66A0003C011 /* Assets.xcassets */; };
		0D639F692477C66A0003C011 /* LaunchScreen.storyboard in Resources */ = {isa = PBXBuildFile; fileRef = 0D639F672477C66A0003C011 /* LaunchScreen.storyboard */; };
		0DF42B5A2483B0E700FD2E63 /* SCSiriWaveformView.m in Sources */ = {isa = PBXBuildFile; fileRef = 0DF42B572483B0E700FD2E63 /* SCSiriWaveformView.m */; };
		0DF42B5C2483B13400FD2E63 /* recorderViewController.swift in Sources */ = {isa = PBXBuildFile; fileRef = 0DF42B5B2483B13400FD2E63 /* recorderViewController.swift */; };
		0DF42B5F2483B22F00FD2E63 /* KDCircularProgress.swift in Sources */ = {isa = PBXBuildFile; fileRef = 0DF42B5E2483B22F00FD2E63 /* KDCircularProgress.swift */; };
		0DF42B612483B32700FD2E63 /* saveRecorderTableViewController.swift in Sources */ = {isa = PBXBuildFile; fileRef = 0DF42B602483B32700FD2E63 /* saveRecorderTableViewController.swift */; };
		3C42F19F2484F2FA004B5299 /* ViewController.swift in Sources */ = {isa = PBXBuildFile; fileRef = 3C42F19E2484F2FA004B5299 /* ViewController.swift */; };
		BA508A04248646DE00F48EE4 /* WSTagsField.swift in Sources */ = {isa = PBXBuildFile; fileRef = BA508A01248646DE00F48EE4 /* WSTagsField.swift */; };
		BA508A05248646DE00F48EE4 /* WSTagView.swift in Sources */ = {isa = PBXBuildFile; fileRef = BA508A03248646DE00F48EE4 /* WSTagView.swift */; };
		BA508A06248646DE00F48EE4 /* Constants.swift in Sources */ = {isa = PBXBuildFile; fileRef = BA508A00248646DE00F48EE4 /* Constants.swift */; };
		BA508A07248646DE00F48EE4 /* WSTag.swift in Sources */ = {isa = PBXBuildFile; fileRef = BA5089FF248646DE00F48EE4 /* WSTag.swift */; };
		BA508A08248646DE00F48EE4 /* BackspaceDetectingTextField.swift in Sources */ = {isa = PBXBuildFile; fileRef = BA508A02248646DE00F48EE4 /* BackspaceDetectingTextField.swift */; };
		BA508A2724864CA400F48EE4 /* AddKeypointViewController.swift in Sources */ = {isa = PBXBuildFile; fileRef = BA508A2124864CA300F48EE4 /* AddKeypointViewController.swift */; };
		BA508A2824864CA400F48EE4 /* SectionsViewController.swift in Sources */ = {isa = PBXBuildFile; fileRef = BA508A2224864CA300F48EE4 /* SectionsViewController.swift */; };
		BA508A2924864CA400F48EE4 /* Section.swift in Sources */ = {isa = PBXBuildFile; fileRef = BA508A2324864CA300F48EE4 /* Section.swift */; };
		BA508A2A24864CA400F48EE4 /* CardView.swift in Sources */ = {isa = PBXBuildFile; fileRef = BA508A2424864CA400F48EE4 /* CardView.swift */; };
		BA508A2B24864CA400F48EE4 /* SectionTableViewCell.swift in Sources */ = {isa = PBXBuildFile; fileRef = BA508A2524864CA400F48EE4 /* SectionTableViewCell.swift */; };
		BA508A2C24864CA400F48EE4 /* EditSectionViewController.swift in Sources */ = {isa = PBXBuildFile; fileRef = BA508A2624864CA400F48EE4 /* EditSectionViewController.swift */; };
		F516407D247B7E5400B2F18B /* ScriptUIViewController.swift in Sources */ = {isa = PBXBuildFile; fileRef = F516407C247B7E5400B2F18B /* ScriptUIViewController.swift */; };
		F516407F247B88BB00B2F18B /* Script.swift in Sources */ = {isa = PBXBuildFile; fileRef = F516407E247B88BB00B2F18B /* Script.swift */; };
		F5164081247B8C2C00B2F18B /* ScriptTableViewCell.swift in Sources */ = {isa = PBXBuildFile; fileRef = F5164080247B8C2C00B2F18B /* ScriptTableViewCell.swift */; };
		F54053A02480B245000D6DC2 /* AppCoreData.xcdatamodeld in Sources */ = {isa = PBXBuildFile; fileRef = F540539E2480B245000D6DC2 /* AppCoreData.xcdatamodeld */; };
		F57989F1247E1691005963E0 /* HistoryViewController.swift in Sources */ = {isa = PBXBuildFile; fileRef = F57989F0247E1691005963E0 /* HistoryViewController.swift */; };
		F57989F5247E1EC6005963E0 /* HistoryScriptTableViewCell.swift in Sources */ = {isa = PBXBuildFile; fileRef = F57989F4247E1EC6005963E0 /* HistoryScriptTableViewCell.swift */; };
		F5AEEFE12488EFF300C88009 /* ScriptTitleTableViewCell.swift in Sources */ = {isa = PBXBuildFile; fileRef = F5AEEFDB2488EFF200C88009 /* ScriptTitleTableViewCell.swift */; };
		F5AEEFE22488EFF300C88009 /* ScriptSectionTableViewCell.swift in Sources */ = {isa = PBXBuildFile; fileRef = F5AEEFDC2488EFF200C88009 /* ScriptSectionTableViewCell.swift */; };
		F5AEEFE32488EFF300C88009 /* ScriptDeleteTableViewCell.swift in Sources */ = {isa = PBXBuildFile; fileRef = F5AEEFDD2488EFF200C88009 /* ScriptDeleteTableViewCell.swift */; };
		F5AEEFE42488EFF300C88009 /* ScriptSettingsViewController.swift in Sources */ = {isa = PBXBuildFile; fileRef = F5AEEFDE2488EFF300C88009 /* ScriptSettingsViewController.swift */; };
		F5AEEFE52488EFF300C88009 /* ScriptTimeTableViewCell.swift in Sources */ = {isa = PBXBuildFile; fileRef = F5AEEFDF2488EFF300C88009 /* ScriptTimeTableViewCell.swift */; };
		F5AEEFE62488EFF300C88009 /* ScriptUploadTableViewCell.swift in Sources */ = {isa = PBXBuildFile; fileRef = F5AEEFE02488EFF300C88009 /* ScriptUploadTableViewCell.swift */; };
/* End PBXBuildFile section */

/* Begin PBXFileReference section */
		0D639F592477C6690003C011 /* Challenge3.app */ = {isa = PBXFileReference; explicitFileType = wrapper.application; includeInIndex = 0; path = Challenge3.app; sourceTree = BUILT_PRODUCTS_DIR; };
		0D639F5C2477C6690003C011 /* AppDelegate.swift */ = {isa = PBXFileReference; lastKnownFileType = sourcecode.swift; path = AppDelegate.swift; sourceTree = "<group>"; };
		0D639F5E2477C6690003C011 /* SceneDelegate.swift */ = {isa = PBXFileReference; lastKnownFileType = sourcecode.swift; path = SceneDelegate.swift; sourceTree = "<group>"; };
		0D639F632477C6690003C011 /* Base */ = {isa = PBXFileReference; lastKnownFileType = file.storyboard; name = Base; path = Base.lproj/Main.storyboard; sourceTree = "<group>"; };
		0D639F652477C66A0003C011 /* Assets.xcassets */ = {isa = PBXFileReference; lastKnownFileType = folder.assetcatalog; path = Assets.xcassets; sourceTree = "<group>"; };
		0D639F682477C66A0003C011 /* Base */ = {isa = PBXFileReference; lastKnownFileType = file.storyboard; name = Base; path = Base.lproj/LaunchScreen.storyboard; sourceTree = "<group>"; };
		0D639F6A2477C66A0003C011 /* Info.plist */ = {isa = PBXFileReference; lastKnownFileType = text.plist.xml; path = Info.plist; sourceTree = "<group>"; };
		0DF42B562483B0E600FD2E63 /* Challenge3-Bridging-Header.h */ = {isa = PBXFileReference; lastKnownFileType = sourcecode.c.h; path = "Challenge3-Bridging-Header.h"; sourceTree = "<group>"; };
		0DF42B572483B0E700FD2E63 /* SCSiriWaveformView.m */ = {isa = PBXFileReference; fileEncoding = 4; lastKnownFileType = sourcecode.c.objc; path = SCSiriWaveformView.m; sourceTree = "<group>"; };
		0DF42B582483B0E700FD2E63 /* SCSiriWaveformView.h */ = {isa = PBXFileReference; fileEncoding = 4; lastKnownFileType = sourcecode.c.h; path = SCSiriWaveformView.h; sourceTree = "<group>"; };
		0DF42B5B2483B13400FD2E63 /* recorderViewController.swift */ = {isa = PBXFileReference; lastKnownFileType = sourcecode.swift; path = recorderViewController.swift; sourceTree = "<group>"; };
		0DF42B5E2483B22F00FD2E63 /* KDCircularProgress.swift */ = {isa = PBXFileReference; fileEncoding = 4; lastKnownFileType = sourcecode.swift; path = KDCircularProgress.swift; sourceTree = "<group>"; };
		0DF42B602483B32700FD2E63 /* saveRecorderTableViewController.swift */ = {isa = PBXFileReference; lastKnownFileType = sourcecode.swift; path = saveRecorderTableViewController.swift; sourceTree = "<group>"; };
		3C42F19E2484F2FA004B5299 /* ViewController.swift */ = {isa = PBXFileReference; lastKnownFileType = sourcecode.swift; name = ViewController.swift; path = "Scripts Screen/ScriptSetting/ViewController.swift"; sourceTree = "<group>"; };
		BA5089FF248646DE00F48EE4 /* WSTag.swift */ = {isa = PBXFileReference; lastKnownFileType = sourcecode.swift; path = WSTag.swift; sourceTree = "<group>"; };
		BA508A00248646DE00F48EE4 /* Constants.swift */ = {isa = PBXFileReference; lastKnownFileType = sourcecode.swift; path = Constants.swift; sourceTree = "<group>"; };
		BA508A01248646DE00F48EE4 /* WSTagsField.swift */ = {isa = PBXFileReference; lastKnownFileType = sourcecode.swift; path = WSTagsField.swift; sourceTree = "<group>"; };
		BA508A02248646DE00F48EE4 /* BackspaceDetectingTextField.swift */ = {isa = PBXFileReference; lastKnownFileType = sourcecode.swift; path = BackspaceDetectingTextField.swift; sourceTree = "<group>"; };
		BA508A03248646DE00F48EE4 /* WSTagView.swift */ = {isa = PBXFileReference; lastKnownFileType = sourcecode.swift; path = WSTagView.swift; sourceTree = "<group>"; };
		BA508A2124864CA300F48EE4 /* AddKeypointViewController.swift */ = {isa = PBXFileReference; lastKnownFileType = sourcecode.swift; name = AddKeypointViewController.swift; path = ../../../AddKeypointViewController.swift; sourceTree = "<group>"; };
		BA508A2224864CA300F48EE4 /* SectionsViewController.swift */ = {isa = PBXFileReference; lastKnownFileType = sourcecode.swift; name = SectionsViewController.swift; path = ../../../SectionsViewController.swift; sourceTree = "<group>"; };
		BA508A2324864CA300F48EE4 /* Section.swift */ = {isa = PBXFileReference; lastKnownFileType = sourcecode.swift; name = Section.swift; path = ../../../Section.swift; sourceTree = "<group>"; };
		BA508A2424864CA400F48EE4 /* CardView.swift */ = {isa = PBXFileReference; lastKnownFileType = sourcecode.swift; name = CardView.swift; path = ../../../CardView.swift; sourceTree = "<group>"; };
		BA508A2524864CA400F48EE4 /* SectionTableViewCell.swift */ = {isa = PBXFileReference; lastKnownFileType = sourcecode.swift; name = SectionTableViewCell.swift; path = ../../../SectionTableViewCell.swift; sourceTree = "<group>"; };
		BA508A2624864CA400F48EE4 /* EditSectionViewController.swift */ = {isa = PBXFileReference; lastKnownFileType = sourcecode.swift; name = EditSectionViewController.swift; path = ../../../EditSectionViewController.swift; sourceTree = "<group>"; };
		F516407C247B7E5400B2F18B /* ScriptUIViewController.swift */ = {isa = PBXFileReference; lastKnownFileType = sourcecode.swift; path = ScriptUIViewController.swift; sourceTree = "<group>"; };
		F516407E247B88BB00B2F18B /* Script.swift */ = {isa = PBXFileReference; lastKnownFileType = sourcecode.swift; path = Script.swift; sourceTree = "<group>"; };
		F5164080247B8C2C00B2F18B /* ScriptTableViewCell.swift */ = {isa = PBXFileReference; lastKnownFileType = sourcecode.swift; path = ScriptTableViewCell.swift; sourceTree = "<group>"; };
		F540539F2480B245000D6DC2 /* AppCoreData.xcdatamodel */ = {isa = PBXFileReference; lastKnownFileType = wrapper.xcdatamodel; path = AppCoreData.xcdatamodel; sourceTree = "<group>"; };
		F57989F0247E1691005963E0 /* HistoryViewController.swift */ = {isa = PBXFileReference; lastKnownFileType = sourcecode.swift; path = HistoryViewController.swift; sourceTree = "<group>"; };
		F57989F4247E1EC6005963E0 /* HistoryScriptTableViewCell.swift */ = {isa = PBXFileReference; lastKnownFileType = sourcecode.swift; path = HistoryScriptTableViewCell.swift; sourceTree = "<group>"; };
		F5AEEFDB2488EFF200C88009 /* ScriptTitleTableViewCell.swift */ = {isa = PBXFileReference; fileEncoding = 4; lastKnownFileType = sourcecode.swift; path = ScriptTitleTableViewCell.swift; sourceTree = "<group>"; };
		F5AEEFDC2488EFF200C88009 /* ScriptSectionTableViewCell.swift */ = {isa = PBXFileReference; fileEncoding = 4; lastKnownFileType = sourcecode.swift; path = ScriptSectionTableViewCell.swift; sourceTree = "<group>"; };
		F5AEEFDD2488EFF200C88009 /* ScriptDeleteTableViewCell.swift */ = {isa = PBXFileReference; fileEncoding = 4; lastKnownFileType = sourcecode.swift; path = ScriptDeleteTableViewCell.swift; sourceTree = "<group>"; };
		F5AEEFDE2488EFF300C88009 /* ScriptSettingsViewController.swift */ = {isa = PBXFileReference; fileEncoding = 4; lastKnownFileType = sourcecode.swift; path = ScriptSettingsViewController.swift; sourceTree = "<group>"; };
		F5AEEFDF2488EFF300C88009 /* ScriptTimeTableViewCell.swift */ = {isa = PBXFileReference; fileEncoding = 4; lastKnownFileType = sourcecode.swift; path = ScriptTimeTableViewCell.swift; sourceTree = "<group>"; };
		F5AEEFE02488EFF300C88009 /* ScriptUploadTableViewCell.swift */ = {isa = PBXFileReference; fileEncoding = 4; lastKnownFileType = sourcecode.swift; path = ScriptUploadTableViewCell.swift; sourceTree = "<group>"; };
/* End PBXFileReference section */

/* Begin PBXFrameworksBuildPhase section */
		0D639F562477C6690003C011 /* Frameworks */ = {
			isa = PBXFrameworksBuildPhase;
			buildActionMask = 2147483647;
			files = (
			);
			runOnlyForDeploymentPostprocessing = 0;
		};
/* End PBXFrameworksBuildPhase section */

/* Begin PBXGroup section */
		0D639F502477C6690003C011 = {
			isa = PBXGroup;
			children = (
				0D639F5B2477C6690003C011 /* Challenge3 */,
				0D639F5A2477C6690003C011 /* Products */,
			);
			sourceTree = "<group>";
		};
		0D639F5A2477C6690003C011 /* Products */ = {
			isa = PBXGroup;
			children = (
				0D639F592477C6690003C011 /* Challenge3.app */,
			);
			name = Products;
			sourceTree = "<group>";
		};
		0D639F5B2477C6690003C011 /* Challenge3 */ = {
			isa = PBXGroup;
			children = (
				F5AEEFC02488E63400C88009 /* Script Settings Screen */,
				0DF42B5D2483B14200FD2E63 /* Recorder */,
				0DF42B552483AFE600FD2E63 /* Timer */,
				0D639F5C2477C6690003C011 /* AppDelegate.swift */,
				0D639F5E2477C6690003C011 /* SceneDelegate.swift */,
				F516407E247B88BB00B2F18B /* Script.swift */,
				F54053A22480FBA0000D6DC2 /* Scripts Screen */,
				F54053A12480FB72000D6DC2 /* History Screen */,
				0D639F622477C6690003C011 /* Main.storyboard */,
				3C42F19E2484F2FA004B5299 /* ViewController.swift */,
				0D639F652477C66A0003C011 /* Assets.xcassets */,
				0D639F672477C66A0003C011 /* LaunchScreen.storyboard */,
				0D639F6A2477C66A0003C011 /* Info.plist */,
				F540539E2480B245000D6DC2 /* AppCoreData.xcdatamodeld */,
				0DF42B582483B0E700FD2E63 /* SCSiriWaveformView.h */,
				0DF42B572483B0E700FD2E63 /* SCSiriWaveformView.m */,
				0DF42B562483B0E600FD2E63 /* Challenge3-Bridging-Header.h */,
			);
			path = Challenge3;
			sourceTree = "<group>";
		};
		0DF42B552483AFE600FD2E63 /* Timer */ = {
			isa = PBXGroup;
			children = (
				0DF42B5E2483B22F00FD2E63 /* KDCircularProgress.swift */,
			);
			path = Timer;
			sourceTree = "<group>";
		};
		0DF42B5D2483B14200FD2E63 /* Recorder */ = {
			isa = PBXGroup;
			children = (
				0DF42B5B2483B13400FD2E63 /* recorderViewController.swift */,
				0DF42B602483B32700FD2E63 /* saveRecorderTableViewController.swift */,
			);
			path = Recorder;
			sourceTree = "<group>";
		};
		3C42F1962484F032004B5299 /* ScriptSetting */ = {
			isa = PBXGroup;
			children = (
				BA508A2124864CA300F48EE4 /* AddKeypointViewController.swift */,
				BA508A2424864CA400F48EE4 /* CardView.swift */,
				BA508A2624864CA400F48EE4 /* EditSectionViewController.swift */,
				BA508A2324864CA300F48EE4 /* Section.swift */,
				BA508A2224864CA300F48EE4 /* SectionsViewController.swift */,
				BA508A2524864CA400F48EE4 /* SectionTableViewCell.swift */,
				BA508A02248646DE00F48EE4 /* BackspaceDetectingTextField.swift */,
				BA508A00248646DE00F48EE4 /* Constants.swift */,
				BA5089FF248646DE00F48EE4 /* WSTag.swift */,
				BA508A01248646DE00F48EE4 /* WSTagsField.swift */,
				BA508A03248646DE00F48EE4 /* WSTagView.swift */,
			);
			path = ScriptSetting;
			sourceTree = "<group>";
		};
		F54053A12480FB72000D6DC2 /* History Screen */ = {
			isa = PBXGroup;
			children = (
				F57989F0247E1691005963E0 /* HistoryViewController.swift */,
				F57989F4247E1EC6005963E0 /* HistoryScriptTableViewCell.swift */,
			);
			path = "History Screen";
			sourceTree = "<group>";
		};
		F54053A22480FBA0000D6DC2 /* Scripts Screen */ = {
			isa = PBXGroup;
			children = (
				F516407C247B7E5400B2F18B /* ScriptUIViewController.swift */,
				F5164080247B8C2C00B2F18B /* ScriptTableViewCell.swift */,
				3C42F1962484F032004B5299 /* ScriptSetting */,
			);
			path = "Scripts Screen";
			sourceTree = "<group>";
		};
		F5AEEFC02488E63400C88009 /* Script Settings Screen */ = {
			isa = PBXGroup;
			children = (
				F5AEEFDE2488EFF300C88009 /* ScriptSettingsViewController.swift */,
				F5AEEFDB2488EFF200C88009 /* ScriptTitleTableViewCell.swift */,
				F5AEEFDF2488EFF300C88009 /* ScriptTimeTableViewCell.swift */,
				F5AEEFE02488EFF300C88009 /* ScriptUploadTableViewCell.swift */,
				F5AEEFDC2488EFF200C88009 /* ScriptSectionTableViewCell.swift */,
				F5AEEFDD2488EFF200C88009 /* ScriptDeleteTableViewCell.swift */,
			);
			path = "Script Settings Screen";
			sourceTree = "<group>";
		};
/* End PBXGroup section */

/* Begin PBXNativeTarget section */
		0D639F582477C6690003C011 /* Challenge3 */ = {
			isa = PBXNativeTarget;
			buildConfigurationList = 0D639F6D2477C66A0003C011 /* Build configuration list for PBXNativeTarget "Challenge3" */;
			buildPhases = (
				0D639F552477C6690003C011 /* Sources */,
				0D639F562477C6690003C011 /* Frameworks */,
				0D639F572477C6690003C011 /* Resources */,
			);
			buildRules = (
			);
			dependencies = (
			);
			name = Challenge3;
			productName = Challenge3;
			productReference = 0D639F592477C6690003C011 /* Challenge3.app */;
			productType = "com.apple.product-type.application";
		};
/* End PBXNativeTarget section */

/* Begin PBXProject section */
		0D639F512477C6690003C011 /* Project object */ = {
			isa = PBXProject;
			attributes = {
				LastSwiftUpdateCheck = 1140;
				LastUpgradeCheck = 1140;
				ORGANIZATIONNAME = "joahan wirasugianto";
				TargetAttributes = {
					0D639F582477C6690003C011 = {
						CreatedOnToolsVersion = 11.4.1;
						LastSwiftMigration = 1150;
					};
				};
			};
			buildConfigurationList = 0D639F542477C6690003C011 /* Build configuration list for PBXProject "Challenge3" */;
			compatibilityVersion = "Xcode 9.3";
			developmentRegion = en;
			hasScannedForEncodings = 0;
			knownRegions = (
				en,
				Base,
			);
			mainGroup = 0D639F502477C6690003C011;
			productRefGroup = 0D639F5A2477C6690003C011 /* Products */;
			projectDirPath = "";
			projectRoot = "";
			targets = (
				0D639F582477C6690003C011 /* Challenge3 */,
			);
		};
/* End PBXProject section */

/* Begin PBXResourcesBuildPhase section */
		0D639F572477C6690003C011 /* Resources */ = {
			isa = PBXResourcesBuildPhase;
			buildActionMask = 2147483647;
			files = (
				0D639F692477C66A0003C011 /* LaunchScreen.storyboard in Resources */,
				0D639F662477C66A0003C011 /* Assets.xcassets in Resources */,
				0D639F642477C6690003C011 /* Main.storyboard in Resources */,
			);
			runOnlyForDeploymentPostprocessing = 0;
		};
/* End PBXResourcesBuildPhase section */

/* Begin PBXSourcesBuildPhase section */
		0D639F552477C6690003C011 /* Sources */ = {
			isa = PBXSourcesBuildPhase;
			buildActionMask = 2147483647;
			files = (
				BA508A2724864CA400F48EE4 /* AddKeypointViewController.swift in Sources */,
				BA508A2824864CA400F48EE4 /* SectionsViewController.swift in Sources */,
				BA508A2924864CA400F48EE4 /* Section.swift in Sources */,
				BA508A2A24864CA400F48EE4 /* CardView.swift in Sources */,
				F5AEEFE22488EFF300C88009 /* ScriptSectionTableViewCell.swift in Sources */,
				BA508A2B24864CA400F48EE4 /* SectionTableViewCell.swift in Sources */,
				BA508A2C24864CA400F48EE4 /* EditSectionViewController.swift in Sources */,
				BA508A05248646DE00F48EE4 /* WSTagView.swift in Sources */,
				F5AEEFE42488EFF300C88009 /* ScriptSettingsViewController.swift in Sources */,
				BA508A06248646DE00F48EE4 /* Constants.swift in Sources */,
				F516407F247B88BB00B2F18B /* Script.swift in Sources */,
				F516407D247B7E5400B2F18B /* ScriptUIViewController.swift in Sources */,
				BA508A08248646DE00F48EE4 /* BackspaceDetectingTextField.swift in Sources */,
				0D639F5D2477C6690003C011 /* AppDelegate.swift in Sources */,
				BA508A07248646DE00F48EE4 /* WSTag.swift in Sources */,
				F57989F1247E1691005963E0 /* HistoryViewController.swift in Sources */,
				0DF42B612483B32700FD2E63 /* saveRecorderTableViewController.swift in Sources */,
				0DF42B5F2483B22F00FD2E63 /* KDCircularProgress.swift in Sources */,
				F5AEEFE32488EFF300C88009 /* ScriptDeleteTableViewCell.swift in Sources */,
				F54053A02480B245000D6DC2 /* AppCoreData.xcdatamodeld in Sources */,
				0DF42B5A2483B0E700FD2E63 /* SCSiriWaveformView.m in Sources */,
				3C42F19F2484F2FA004B5299 /* ViewController.swift in Sources */,
				F5AEEFE62488EFF300C88009 /* ScriptUploadTableViewCell.swift in Sources */,
				F5AEEFE52488EFF300C88009 /* ScriptTimeTableViewCell.swift in Sources */,
				0DF42B5C2483B13400FD2E63 /* recorderViewController.swift in Sources */,
				BA508A04248646DE00F48EE4 /* WSTagsField.swift in Sources */,
				F57989F5247E1EC6005963E0 /* HistoryScriptTableViewCell.swift in Sources */,
				0D639F5F2477C6690003C011 /* SceneDelegate.swift in Sources */,
				F5164081247B8C2C00B2F18B /* ScriptTableViewCell.swift in Sources */,
				F5AEEFE12488EFF300C88009 /* ScriptTitleTableViewCell.swift in Sources */,
			);
			runOnlyForDeploymentPostprocessing = 0;
		};
/* End PBXSourcesBuildPhase section */

/* Begin PBXVariantGroup section */
		0D639F622477C6690003C011 /* Main.storyboard */ = {
			isa = PBXVariantGroup;
			children = (
				0D639F632477C6690003C011 /* Base */,
			);
			name = Main.storyboard;
			sourceTree = "<group>";
		};
		0D639F672477C66A0003C011 /* LaunchScreen.storyboard */ = {
			isa = PBXVariantGroup;
			children = (
				0D639F682477C66A0003C011 /* Base */,
			);
			name = LaunchScreen.storyboard;
			sourceTree = "<group>";
		};
/* End PBXVariantGroup section */

/* Begin XCBuildConfiguration section */
		0D639F6B2477C66A0003C011 /* Debug */ = {
			isa = XCBuildConfiguration;
			buildSettings = {
				ALWAYS_SEARCH_USER_PATHS = NO;
				CLANG_ANALYZER_NONNULL = YES;
				CLANG_ANALYZER_NUMBER_OBJECT_CONVERSION = YES_AGGRESSIVE;
				CLANG_CXX_LANGUAGE_STANDARD = "gnu++14";
				CLANG_CXX_LIBRARY = "libc++";
				CLANG_ENABLE_MODULES = YES;
				CLANG_ENABLE_OBJC_ARC = YES;
				CLANG_ENABLE_OBJC_WEAK = YES;
				CLANG_WARN_BLOCK_CAPTURE_AUTORELEASING = YES;
				CLANG_WARN_BOOL_CONVERSION = YES;
				CLANG_WARN_COMMA = YES;
				CLANG_WARN_CONSTANT_CONVERSION = YES;
				CLANG_WARN_DEPRECATED_OBJC_IMPLEMENTATIONS = YES;
				CLANG_WARN_DIRECT_OBJC_ISA_USAGE = YES_ERROR;
				CLANG_WARN_DOCUMENTATION_COMMENTS = YES;
				CLANG_WARN_EMPTY_BODY = YES;
				CLANG_WARN_ENUM_CONVERSION = YES;
				CLANG_WARN_INFINITE_RECURSION = YES;
				CLANG_WARN_INT_CONVERSION = YES;
				CLANG_WARN_NON_LITERAL_NULL_CONVERSION = YES;
				CLANG_WARN_OBJC_IMPLICIT_RETAIN_SELF = YES;
				CLANG_WARN_OBJC_LITERAL_CONVERSION = YES;
				CLANG_WARN_OBJC_ROOT_CLASS = YES_ERROR;
				CLANG_WARN_RANGE_LOOP_ANALYSIS = YES;
				CLANG_WARN_STRICT_PROTOTYPES = YES;
				CLANG_WARN_SUSPICIOUS_MOVE = YES;
				CLANG_WARN_UNGUARDED_AVAILABILITY = YES_AGGRESSIVE;
				CLANG_WARN_UNREACHABLE_CODE = YES;
				CLANG_WARN__DUPLICATE_METHOD_MATCH = YES;
				COPY_PHASE_STRIP = NO;
				DEBUG_INFORMATION_FORMAT = dwarf;
				ENABLE_STRICT_OBJC_MSGSEND = YES;
				ENABLE_TESTABILITY = YES;
				GCC_C_LANGUAGE_STANDARD = gnu11;
				GCC_DYNAMIC_NO_PIC = NO;
				GCC_NO_COMMON_BLOCKS = YES;
				GCC_OPTIMIZATION_LEVEL = 0;
				GCC_PREPROCESSOR_DEFINITIONS = (
					"DEBUG=1",
					"$(inherited)",
				);
				GCC_WARN_64_TO_32_BIT_CONVERSION = YES;
				GCC_WARN_ABOUT_RETURN_TYPE = YES_ERROR;
				GCC_WARN_UNDECLARED_SELECTOR = YES;
				GCC_WARN_UNINITIALIZED_AUTOS = YES_AGGRESSIVE;
				GCC_WARN_UNUSED_FUNCTION = YES;
				GCC_WARN_UNUSED_VARIABLE = YES;
				IPHONEOS_DEPLOYMENT_TARGET = 13.4;
				MTL_ENABLE_DEBUG_INFO = INCLUDE_SOURCE;
				MTL_FAST_MATH = YES;
				ONLY_ACTIVE_ARCH = YES;
				SDKROOT = iphoneos;
				SWIFT_ACTIVE_COMPILATION_CONDITIONS = DEBUG;
				SWIFT_OPTIMIZATION_LEVEL = "-Onone";
			};
			name = Debug;
		};
		0D639F6C2477C66A0003C011 /* Release */ = {
			isa = XCBuildConfiguration;
			buildSettings = {
				ALWAYS_SEARCH_USER_PATHS = NO;
				CLANG_ANALYZER_NONNULL = YES;
				CLANG_ANALYZER_NUMBER_OBJECT_CONVERSION = YES_AGGRESSIVE;
				CLANG_CXX_LANGUAGE_STANDARD = "gnu++14";
				CLANG_CXX_LIBRARY = "libc++";
				CLANG_ENABLE_MODULES = YES;
				CLANG_ENABLE_OBJC_ARC = YES;
				CLANG_ENABLE_OBJC_WEAK = YES;
				CLANG_WARN_BLOCK_CAPTURE_AUTORELEASING = YES;
				CLANG_WARN_BOOL_CONVERSION = YES;
				CLANG_WARN_COMMA = YES;
				CLANG_WARN_CONSTANT_CONVERSION = YES;
				CLANG_WARN_DEPRECATED_OBJC_IMPLEMENTATIONS = YES;
				CLANG_WARN_DIRECT_OBJC_ISA_USAGE = YES_ERROR;
				CLANG_WARN_DOCUMENTATION_COMMENTS = YES;
				CLANG_WARN_EMPTY_BODY = YES;
				CLANG_WARN_ENUM_CONVERSION = YES;
				CLANG_WARN_INFINITE_RECURSION = YES;
				CLANG_WARN_INT_CONVERSION = YES;
				CLANG_WARN_NON_LITERAL_NULL_CONVERSION = YES;
				CLANG_WARN_OBJC_IMPLICIT_RETAIN_SELF = YES;
				CLANG_WARN_OBJC_LITERAL_CONVERSION = YES;
				CLANG_WARN_OBJC_ROOT_CLASS = YES_ERROR;
				CLANG_WARN_RANGE_LOOP_ANALYSIS = YES;
				CLANG_WARN_STRICT_PROTOTYPES = YES;
				CLANG_WARN_SUSPICIOUS_MOVE = YES;
				CLANG_WARN_UNGUARDED_AVAILABILITY = YES_AGGRESSIVE;
				CLANG_WARN_UNREACHABLE_CODE = YES;
				CLANG_WARN__DUPLICATE_METHOD_MATCH = YES;
				COPY_PHASE_STRIP = NO;
				DEBUG_INFORMATION_FORMAT = "dwarf-with-dsym";
				ENABLE_NS_ASSERTIONS = NO;
				ENABLE_STRICT_OBJC_MSGSEND = YES;
				GCC_C_LANGUAGE_STANDARD = gnu11;
				GCC_NO_COMMON_BLOCKS = YES;
				GCC_WARN_64_TO_32_BIT_CONVERSION = YES;
				GCC_WARN_ABOUT_RETURN_TYPE = YES_ERROR;
				GCC_WARN_UNDECLARED_SELECTOR = YES;
				GCC_WARN_UNINITIALIZED_AUTOS = YES_AGGRESSIVE;
				GCC_WARN_UNUSED_FUNCTION = YES;
				GCC_WARN_UNUSED_VARIABLE = YES;
				IPHONEOS_DEPLOYMENT_TARGET = 13.4;
				MTL_ENABLE_DEBUG_INFO = NO;
				MTL_FAST_MATH = YES;
				SDKROOT = iphoneos;
				SWIFT_COMPILATION_MODE = wholemodule;
				SWIFT_OPTIMIZATION_LEVEL = "-O";
				VALIDATE_PRODUCT = YES;
			};
			name = Release;
		};
		0D639F6E2477C66A0003C011 /* Debug */ = {
			isa = XCBuildConfiguration;
			buildSettings = {
				ASSETCATALOG_COMPILER_APPICON_NAME = AppIcon;
				CLANG_ENABLE_MODULES = YES;
				CODE_SIGN_STYLE = Automatic;
				INFOPLIST_FILE = Challenge3/Info.plist;
				LD_RUNPATH_SEARCH_PATHS = (
					"$(inherited)",
					"@executable_path/Frameworks",
				);
				PRODUCT_BUNDLE_IDENTIFIER = swift.Challenge3;
				PRODUCT_NAME = "$(TARGET_NAME)";
				SWIFT_OBJC_BRIDGING_HEADER = "Challenge3/Challenge3-Bridging-Header.h";
				SWIFT_OPTIMIZATION_LEVEL = "-Onone";
				SWIFT_VERSION = 5.0;
				TARGETED_DEVICE_FAMILY = "1,2";
			};
			name = Debug;
		};
		0D639F6F2477C66A0003C011 /* Release */ = {
			isa = XCBuildConfiguration;
			buildSettings = {
				ASSETCATALOG_COMPILER_APPICON_NAME = AppIcon;
				CLANG_ENABLE_MODULES = YES;
				CODE_SIGN_STYLE = Automatic;
				INFOPLIST_FILE = Challenge3/Info.plist;
				LD_RUNPATH_SEARCH_PATHS = (
					"$(inherited)",
					"@executable_path/Frameworks",
				);
				PRODUCT_BUNDLE_IDENTIFIER = swift.Challenge3;
				PRODUCT_NAME = "$(TARGET_NAME)";
				SWIFT_OBJC_BRIDGING_HEADER = "Challenge3/Challenge3-Bridging-Header.h";
				SWIFT_VERSION = 5.0;
				TARGETED_DEVICE_FAMILY = "1,2";
			};
			name = Release;
		};
/* End XCBuildConfiguration section */

/* Begin XCConfigurationList section */
		0D639F542477C6690003C011 /* Build configuration list for PBXProject "Challenge3" */ = {
			isa = XCConfigurationList;
			buildConfigurations = (
				0D639F6B2477C66A0003C011 /* Debug */,
				0D639F6C2477C66A0003C011 /* Release */,
			);
			defaultConfigurationIsVisible = 0;
			defaultConfigurationName = Release;
		};
		0D639F6D2477C66A0003C011 /* Build configuration list for PBXNativeTarget "Challenge3" */ = {
			isa = XCConfigurationList;
			buildConfigurations = (
				0D639F6E2477C66A0003C011 /* Debug */,
				0D639F6F2477C66A0003C011 /* Release */,
			);
			defaultConfigurationIsVisible = 0;
			defaultConfigurationName = Release;
		};
/* End XCConfigurationList section */

/* Begin XCVersionGroup section */
		F540539E2480B245000D6DC2 /* AppCoreData.xcdatamodeld */ = {
			isa = XCVersionGroup;
			children = (
				F540539F2480B245000D6DC2 /* AppCoreData.xcdatamodel */,
			);
			currentVersion = F540539F2480B245000D6DC2 /* AppCoreData.xcdatamodel */;
			path = AppCoreData.xcdatamodeld;
			sourceTree = "<group>";
			versionGroupType = wrapper.xcdatamodel;
		};
/* End XCVersionGroup section */
	};
	rootObject = 0D639F512477C6690003C011 /* Project object */;
}
